
Microsoft Visual Studio Solution File, Format Version 12.00
# Visual Studio 15
Project("{FAE04EC0-301F-11D3-BF4B-00C04F79EFBC}") = "RVO2WithAStar-master", "RVO2WithAStar-master.csproj", "{5BB532F5-9ABC-73D9-F3C5-25613037E0F6}"
EndProject
Project("{FAE04EC0-301F-11D3-BF4B-00C04F79EFBC}") = "RVO2WithAStar-master.Editor", "RVO2WithAStar-master.Editor.csproj", "{2C57FFBE-516B-F4F5-7194-97E3FC613472}"
EndProject
Global
	GlobalSection(SolutionConfigurationPlatforms) = preSolution
		Debug|Any CPU = Debug|Any CPU
		Release|Any CPU = Release|Any CPU
	EndGlobalSection
	GlobalSection(ProjectConfigurationPlatforms) = postSolution
		{5BB532F5-9ABC-73D9-F3C5-25613037E0F6}.Debug|Any CPU.ActiveCfg = Debug|Any CPU
		{5BB532F5-9ABC-73D9-F3C5-25613037E0F6}.Debug|Any CPU.Build.0 = Debug|Any CPU
		{5BB532F5-9ABC-73D9-F3C5-25613037E0F6}.Release|Any CPU.ActiveCfg = Release|Any CPU
		{5BB532F5-9ABC-73D9-F3C5-25613037E0F6}.Release|Any CPU.Build.0 = Release|Any CPU
		{2C57FFBE-516B-F4F5-7194-97E3FC613472}.Debug|Any CPU.ActiveCfg = Debug|Any CPU
		{2C57FFBE-516B-F4F5-7194-97E3FC613472}.Debug|Any CPU.Build.0 = Debug|Any CPU
		{2C57FFBE-516B-F4F5-7194-97E3FC613472}.Release|Any CPU.ActiveCfg = Release|Any CPU
		{2C57FFBE-516B-F4F5-7194-97E3FC613472}.Release|Any CPU.Build.0 = Release|Any CPU
	EndGlobalSection
	GlobalSection(SolutionProperties) = preSolution
		HideSolutionNode = FALSE
	EndGlobalSection
EndGlobal
