
Microsoft Visual Studio Solution File, Format Version 12.00
# Visual Studio 15
Project("{FAE04EC0-301F-11D3-BF4B-00C04F79EFBC}") = "Simulation1", "Simulation1.csproj", "{7A46CF9B-82E8-3499-7441-B32B482924CD}"
EndProject
Project("{FAE04EC0-301F-11D3-BF4B-00C04F79EFBC}") = "Simulation1.Editor", "Simulation1.Editor.csproj", "{FB143129-24C8-EF31-8019-BDF6CA85CF79}"
EndProject
Global
	GlobalSection(SolutionConfigurationPlatforms) = preSolution
		Debug|Any CPU = Debug|Any CPU
		Release|Any CPU = Release|Any CPU
	EndGlobalSection
	GlobalSection(ProjectConfigurationPlatforms) = postSolution
		{7A46CF9B-82E8-3499-7441-B32B482924CD}.Debug|Any CPU.ActiveCfg = Debug|Any CPU
		{7A46CF9B-82E8-3499-7441-B32B482924CD}.Debug|Any CPU.Build.0 = Debug|Any CPU
		{7A46CF9B-82E8-3499-7441-B32B482924CD}.Release|Any CPU.ActiveCfg = Release|Any CPU
		{7A46CF9B-82E8-3499-7441-B32B482924CD}.Release|Any CPU.Build.0 = Release|Any CPU
		{FB143129-24C8-EF31-8019-BDF6CA85CF79}.Debug|Any CPU.ActiveCfg = Debug|Any CPU
		{FB143129-24C8-EF31-8019-BDF6CA85CF79}.Debug|Any CPU.Build.0 = Debug|Any CPU
		{FB143129-24C8-EF31-8019-BDF6CA85CF79}.Release|Any CPU.ActiveCfg = Release|Any CPU
		{FB143129-24C8-EF31-8019-BDF6CA85CF79}.Release|Any CPU.Build.0 = Release|Any CPU
	EndGlobalSection
	GlobalSection(SolutionProperties) = preSolution
		HideSolutionNode = FALSE
	EndGlobalSection
EndGlobal
